
Microsoft Visual Studio Solution File, Format Version 12.00
# Visual Studio Version 16
VisualStudioVersion = 16.0.30804.86
MinimumVisualStudioVersion = 10.0.40219.1
Project("{FAE04EC0-301F-11D3-BF4B-00C04F79EFBC}") = "GeneratingRandomPasswords", "GeneratingRandomPasswords\GeneratingRandomPasswords.csproj", "{D778C7E6-38AB-4D28-B7E1-7D1A87FD1F9F}"
EndProject
Global
	GlobalSection(SolutionConfigurationPlatforms) = preSolution
		Debug|Any CPU = Debug|Any CPU
		Release|Any CPU = Release|Any CPU
	EndGlobalSection
	GlobalSection(ProjectConfigurationPlatforms) = postSolution
		{D778C7E6-38AB-4D28-B7E1-7D1A87FD1F9F}.Debug|Any CPU.ActiveCfg = Debug|Any CPU
		{D778C7E6-38AB-4D28-B7E1-7D1A87FD1F9F}.Debug|Any CPU.Build.0 = Debug|Any CPU
		{D778C7E6-38AB-4D28-B7E1-7D1A87FD1F9F}.Release|Any CPU.ActiveCfg = Release|Any CPU
		{D778C7E6-38AB-4D28-B7E1-7D1A87FD1F9F}.Release|Any CPU.Build.0 = Release|Any CPU
	EndGlobalSection
	GlobalSection(SolutionProperties) = preSolution
		HideSolutionNode = FALSE
	EndGlobalSection
	GlobalSection(ExtensibilityGlobals) = postSolution
		SolutionGuid = {8675174E-A637-470E-827F-A38BF59309D7}
	EndGlobalSection
EndGlobal
